
Microsoft Visual Studio Solution File, Format Version 12.00
# Visual Studio Version 16
VisualStudioVersion = 16.0.30907.101
MinimumVisualStudioVersion = 10.0.40219.1
Project("{9A19103F-16F7-4668-BE54-9A1E7A4F7556}") = "AddressBookApp", "AddressBookApp\AddressBookApp.csproj", "{B702DCDB-6D34-4C9B-BA77-DD46DD90003E}"
EndProject
Global
	GlobalSection(SolutionConfigurationPlatforms) = preSolution
		Debug|Any CPU = Debug|Any CPU
		Release|Any CPU = Release|Any CPU
	EndGlobalSection
	GlobalSection(ProjectConfigurationPlatforms) = postSolution
		{B702DCDB-6D34-4C9B-BA77-DD46DD90003E}.Debug|Any CPU.ActiveCfg = Debug|Any CPU
		{B702DCDB-6D34-4C9B-BA77-DD46DD90003E}.Debug|Any CPU.Build.0 = Debug|Any CPU
		{B702DCDB-6D34-4C9B-BA77-DD46DD90003E}.Release|Any CPU.ActiveCfg = Release|Any CPU
		{B702DCDB-6D34-4C9B-BA77-DD46DD90003E}.Release|Any CPU.Build.0 = Release|Any CPU
	EndGlobalSection
	GlobalSection(SolutionProperties) = preSolution
		HideSolutionNode = FALSE
	EndGlobalSection
	GlobalSection(ExtensibilityGlobals) = postSolution
		SolutionGuid = {CF2E3095-C0BF-44AB-8901-3359AB1BF30A}
	EndGlobalSection
EndGlobal
